
Microsoft Visual Studio Solution File, Format Version 12.00
# Visual Studio Version 17
VisualStudioVersion = 17.0.31903.59
MinimumVisualStudioVersion = 10.0.40219.1
Project("{2150E333-8FDC-42A3-9474-1A3956D46DE8}") = "src", "src", "{827E0CD3-B72D-47B6-A68D-7590B98EB39B}"
EndProject
Project("{FAE04EC0-301F-11D3-BF4B-00C04F79EFBC}") = "DepartmentService.Api", "src\DepartmentService.Api\DepartmentService.Api.csproj", "{B0552465-77C5-4F94-93BB-41B08F2FD233}"
EndProject
Project("{FAE04EC0-301F-11D3-BF4B-00C04F79EFBC}") = "DepartmentService.Data", "src\DepartmentService.Data\DepartmentService.Data.csproj", "{DCB0CA2B-2615-4604-89B5-7D45E0E6DE69}"
EndProject
Project("{FAE04EC0-301F-11D3-BF4B-00C04F79EFBC}") = "DepartmentService.Repository", "src\DepartmentService.Repository\DepartmentService.Repository.csproj", "{295679D0-C614-4383-9363-C3D9764DDD9F}"
EndProject
Project("{FAE04EC0-301F-11D3-BF4B-00C04F79EFBC}") = "DepartmentService.InternalModels", "src\DepartmentService.InternalModels\DepartmentService.InternalModels.csproj", "{FC2C466C-B7D4-4E7E-80F9-FC112502F167}"
EndProject
Project("{FAE04EC0-301F-11D3-BF4B-00C04F79EFBC}") = "DepartmentService.Services", "src\DepartmentService.Services\DepartmentService.Services.csproj", "{3942434E-EDFC-4E65-B2EF-279C43B65F92}"
EndProject
Project("{FAE04EC0-301F-11D3-BF4B-00C04F79EFBC}") = "DepartmentService.Utils", "src\DepartmentService.Utils\DepartmentService.Utils.csproj", "{E0730C8D-D329-4798-96DE-1E1CA98C03D4}"
EndProject
Global
	GlobalSection(SolutionConfigurationPlatforms) = preSolution
		Debug|Any CPU = Debug|Any CPU
		Debug|x64 = Debug|x64
		Debug|x86 = Debug|x86
		Release|Any CPU = Release|Any CPU
		Release|x64 = Release|x64
		Release|x86 = Release|x86
	EndGlobalSection
	GlobalSection(ProjectConfigurationPlatforms) = postSolution
		{B0552465-77C5-4F94-93BB-41B08F2FD233}.Debug|Any CPU.ActiveCfg = Debug|Any CPU
		{B0552465-77C5-4F94-93BB-41B08F2FD233}.Debug|Any CPU.Build.0 = Debug|Any CPU
		{B0552465-77C5-4F94-93BB-41B08F2FD233}.Debug|x64.ActiveCfg = Debug|Any CPU
		{B0552465-77C5-4F94-93BB-41B08F2FD233}.Debug|x64.Build.0 = Debug|Any CPU
		{B0552465-77C5-4F94-93BB-41B08F2FD233}.Debug|x86.ActiveCfg = Debug|Any CPU
		{B0552465-77C5-4F94-93BB-41B08F2FD233}.Debug|x86.Build.0 = Debug|Any CPU
		{B0552465-77C5-4F94-93BB-41B08F2FD233}.Release|Any CPU.ActiveCfg = Release|Any CPU
		{B0552465-77C5-4F94-93BB-41B08F2FD233}.Release|Any CPU.Build.0 = Release|Any CPU
		{B0552465-77C5-4F94-93BB-41B08F2FD233}.Release|x64.ActiveCfg = Release|Any CPU
		{B0552465-77C5-4F94-93BB-41B08F2FD233}.Release|x64.Build.0 = Release|Any CPU
		{B0552465-77C5-4F94-93BB-41B08F2FD233}.Release|x86.ActiveCfg = Release|Any CPU
		{B0552465-77C5-4F94-93BB-41B08F2FD233}.Release|x86.Build.0 = Release|Any CPU
		{DCB0CA2B-2615-4604-89B5-7D45E0E6DE69}.Debug|Any CPU.ActiveCfg = Debug|Any CPU
		{DCB0CA2B-2615-4604-89B5-7D45E0E6DE69}.Debug|Any CPU.Build.0 = Debug|Any CPU
		{DCB0CA2B-2615-4604-89B5-7D45E0E6DE69}.Debug|x64.ActiveCfg = Debug|Any CPU
		{DCB0CA2B-2615-4604-89B5-7D45E0E6DE69}.Debug|x64.Build.0 = Debug|Any CPU
		{DCB0CA2B-2615-4604-89B5-7D45E0E6DE69}.Debug|x86.ActiveCfg = Debug|Any CPU
		{DCB0CA2B-2615-4604-89B5-7D45E0E6DE69}.Debug|x86.Build.0 = Debug|Any CPU
		{DCB0CA2B-2615-4604-89B5-7D45E0E6DE69}.Release|Any CPU.ActiveCfg = Release|Any CPU
		{DCB0CA2B-2615-4604-89B5-7D45E0E6DE69}.Release|Any CPU.Build.0 = Release|Any CPU
		{DCB0CA2B-2615-4604-89B5-7D45E0E6DE69}.Release|x64.ActiveCfg = Release|Any CPU
		{DCB0CA2B-2615-4604-89B5-7D45E0E6DE69}.Release|x64.Build.0 = Release|Any CPU
		{DCB0CA2B-2615-4604-89B5-7D45E0E6DE69}.Release|x86.ActiveCfg = Release|Any CPU
		{DCB0CA2B-2615-4604-89B5-7D45E0E6DE69}.Release|x86.Build.0 = Release|Any CPU
		{295679D0-C614-4383-9363-C3D9764DDD9F}.Debug|Any CPU.ActiveCfg = Debug|Any CPU
		{295679D0-C614-4383-9363-C3D9764DDD9F}.Debug|Any CPU.Build.0 = Debug|Any CPU
		{295679D0-C614-4383-9363-C3D9764DDD9F}.Debug|x64.ActiveCfg = Debug|Any CPU
		{295679D0-C614-4383-9363-C3D9764DDD9F}.Debug|x64.Build.0 = Debug|Any CPU
		{295679D0-C614-4383-9363-C3D9764DDD9F}.Debug|x86.ActiveCfg = Debug|Any CPU
		{295679D0-C614-4383-9363-C3D9764DDD9F}.Debug|x86.Build.0 = Debug|Any CPU
		{295679D0-C614-4383-9363-C3D9764DDD9F}.Release|Any CPU.ActiveCfg = Release|Any CPU
		{295679D0-C614-4383-9363-C3D9764DDD9F}.Release|Any CPU.Build.0 = Release|Any CPU
		{295679D0-C614-4383-9363-C3D9764DDD9F}.Release|x64.ActiveCfg = Release|Any CPU
		{295679D0-C614-4383-9363-C3D9764DDD9F}.Release|x64.Build.0 = Release|Any CPU
		{295679D0-C614-4383-9363-C3D9764DDD9F}.Release|x86.ActiveCfg = Release|Any CPU
		{295679D0-C614-4383-9363-C3D9764DDD9F}.Release|x86.Build.0 = Release|Any CPU
		{FC2C466C-B7D4-4E7E-80F9-FC112502F167}.Debug|Any CPU.ActiveCfg = Debug|Any CPU
		{FC2C466C-B7D4-4E7E-80F9-FC112502F167}.Debug|Any CPU.Build.0 = Debug|Any CPU
		{FC2C466C-B7D4-4E7E-80F9-FC112502F167}.Debug|x64.ActiveCfg = Debug|Any CPU
		{FC2C466C-B7D4-4E7E-80F9-FC112502F167}.Debug|x64.Build.0 = Debug|Any CPU
		{FC2C466C-B7D4-4E7E-80F9-FC112502F167}.Debug|x86.ActiveCfg = Debug|Any CPU
		{FC2C466C-B7D4-4E7E-80F9-FC112502F167}.Debug|x86.Build.0 = Debug|Any CPU
		{FC2C466C-B7D4-4E7E-80F9-FC112502F167}.Release|Any CPU.ActiveCfg = Release|Any CPU
		{FC2C466C-B7D4-4E7E-80F9-FC112502F167}.Release|Any CPU.Build.0 = Release|Any CPU
		{FC2C466C-B7D4-4E7E-80F9-FC112502F167}.Release|x64.ActiveCfg = Release|Any CPU
		{FC2C466C-B7D4-4E7E-80F9-FC112502F167}.Release|x64.Build.0 = Release|Any CPU
		{FC2C466C-B7D4-4E7E-80F9-FC112502F167}.Release|x86.ActiveCfg = Release|Any CPU
		{FC2C466C-B7D4-4E7E-80F9-FC112502F167}.Release|x86.Build.0 = Release|Any CPU
		{3942434E-EDFC-4E65-B2EF-279C43B65F92}.Debug|Any CPU.ActiveCfg = Debug|Any CPU
		{3942434E-EDFC-4E65-B2EF-279C43B65F92}.Debug|Any CPU.Build.0 = Debug|Any CPU
		{3942434E-EDFC-4E65-B2EF-279C43B65F92}.Debug|x64.ActiveCfg = Debug|Any CPU
		{3942434E-EDFC-4E65-B2EF-279C43B65F92}.Debug|x64.Build.0 = Debug|Any CPU
		{3942434E-EDFC-4E65-B2EF-279C43B65F92}.Debug|x86.ActiveCfg = Debug|Any CPU
		{3942434E-EDFC-4E65-B2EF-279C43B65F92}.Debug|x86.Build.0 = Debug|Any CPU
		{3942434E-EDFC-4E65-B2EF-279C43B65F92}.Release|Any CPU.ActiveCfg = Release|Any CPU
		{3942434E-EDFC-4E65-B2EF-279C43B65F92}.Release|Any CPU.Build.0 = Release|Any CPU
		{3942434E-EDFC-4E65-B2EF-279C43B65F92}.Release|x64.ActiveCfg = Release|Any CPU
		{3942434E-EDFC-4E65-B2EF-279C43B65F92}.Release|x64.Build.0 = Release|Any CPU
		{3942434E-EDFC-4E65-B2EF-279C43B65F92}.Release|x86.ActiveCfg = Release|Any CPU
		{3942434E-EDFC-4E65-B2EF-279C43B65F92}.Release|x86.Build.0 = Release|Any CPU
		{E0730C8D-D329-4798-96DE-1E1CA98C03D4}.Debug|Any CPU.ActiveCfg = Debug|Any CPU
		{E0730C8D-D329-4798-96DE-1E1CA98C03D4}.Debug|Any CPU.Build.0 = Debug|Any CPU
		{E0730C8D-D329-4798-96DE-1E1CA98C03D4}.Debug|x64.ActiveCfg = Debug|Any CPU
		{E0730C8D-D329-4798-96DE-1E1CA98C03D4}.Debug|x64.Build.0 = Debug|Any CPU
		{E0730C8D-D329-4798-96DE-1E1CA98C03D4}.Debug|x86.ActiveCfg = Debug|Any CPU
		{E0730C8D-D329-4798-96DE-1E1CA98C03D4}.Debug|x86.Build.0 = Debug|Any CPU
		{E0730C8D-D329-4798-96DE-1E1CA98C03D4}.Release|Any CPU.ActiveCfg = Release|Any CPU
		{E0730C8D-D329-4798-96DE-1E1CA98C03D4}.Release|Any CPU.Build.0 = Release|Any CPU
		{E0730C8D-D329-4798-96DE-1E1CA98C03D4}.Release|x64.ActiveCfg = Release|Any CPU
		{E0730C8D-D329-4798-96DE-1E1CA98C03D4}.Release|x64.Build.0 = Release|Any CPU
		{E0730C8D-D329-4798-96DE-1E1CA98C03D4}.Release|x86.ActiveCfg = Release|Any CPU
		{E0730C8D-D329-4798-96DE-1E1CA98C03D4}.Release|x86.Build.0 = Release|Any CPU
	EndGlobalSection
	GlobalSection(SolutionProperties) = preSolution
		HideSolutionNode = FALSE
	EndGlobalSection
	GlobalSection(NestedProjects) = preSolution
		{B0552465-77C5-4F94-93BB-41B08F2FD233} = {827E0CD3-B72D-47B6-A68D-7590B98EB39B}
		{DCB0CA2B-2615-4604-89B5-7D45E0E6DE69} = {827E0CD3-B72D-47B6-A68D-7590B98EB39B}
		{295679D0-C614-4383-9363-C3D9764DDD9F} = {827E0CD3-B72D-47B6-A68D-7590B98EB39B}
		{FC2C466C-B7D4-4E7E-80F9-FC112502F167} = {827E0CD3-B72D-47B6-A68D-7590B98EB39B}
		{3942434E-EDFC-4E65-B2EF-279C43B65F92} = {827E0CD3-B72D-47B6-A68D-7590B98EB39B}
		{E0730C8D-D329-4798-96DE-1E1CA98C03D4} = {827E0CD3-B72D-47B6-A68D-7590B98EB39B}
	EndGlobalSection
EndGlobal
